
Microsoft Visual Studio Solution File, Format Version 12.00
# Visual Studio 14
VisualStudioVersion = 14.0.25420.1
MinimumVisualStudioVersion = 10.0.40219.1
Project("{FAE04EC0-301F-11D3-BF4B-00C04F79EFBC}") = "CustomerInvoicesUtils", "CustomerInvoicesUtils\CustomerInvoicesUtils.csproj", "{D48ACA4A-7680-4D27-92BA-46760F7C5C39}"
EndProject
Project("{FAE04EC0-301F-11D3-BF4B-00C04F79EFBC}") = "CustomerInvoicesModels", "CustomerInvoicesModels\CustomerInvoicesModels.csproj", "{152E3A02-C978-4724-8B73-94A6D656C6CC}"
EndProject
Project("{FAE04EC0-301F-11D3-BF4B-00C04F79EFBC}") = "CustomerInvoicesLogic", "CustomerInvoicesLogic\CustomerInvoicesLogic.csproj", "{6B102ED6-D6E2-47DD-9D02-62824759C63E}"
EndProject
Project("{FAE04EC0-301F-11D3-BF4B-00C04F79EFBC}") = "CustomerInvoicesData", "CustomerInvoicesData\CustomerInvoicesData.csproj", "{5734D181-FFFC-468C-83DA-32FAD5A0F7AE}"
EndProject
Project("{FAE04EC0-301F-11D3-BF4B-00C04F79EFBC}") = "CustomerInvoicesWeb", "CustomerInvoicesWeb\CustomerInvoicesWeb.csproj", "{E18F373E-190E-4C37-BD82-4264C82AA4B9}"
EndProject
Global
	GlobalSection(SolutionConfigurationPlatforms) = preSolution
		Debug|Any CPU = Debug|Any CPU
		Release|Any CPU = Release|Any CPU
	EndGlobalSection
	GlobalSection(ProjectConfigurationPlatforms) = postSolution
		{D48ACA4A-7680-4D27-92BA-46760F7C5C39}.Debug|Any CPU.ActiveCfg = Debug|Any CPU
		{D48ACA4A-7680-4D27-92BA-46760F7C5C39}.Debug|Any CPU.Build.0 = Debug|Any CPU
		{D48ACA4A-7680-4D27-92BA-46760F7C5C39}.Release|Any CPU.ActiveCfg = Release|Any CPU
		{D48ACA4A-7680-4D27-92BA-46760F7C5C39}.Release|Any CPU.Build.0 = Release|Any CPU
		{152E3A02-C978-4724-8B73-94A6D656C6CC}.Debug|Any CPU.ActiveCfg = Debug|Any CPU
		{152E3A02-C978-4724-8B73-94A6D656C6CC}.Debug|Any CPU.Build.0 = Debug|Any CPU
		{152E3A02-C978-4724-8B73-94A6D656C6CC}.Release|Any CPU.ActiveCfg = Release|Any CPU
		{152E3A02-C978-4724-8B73-94A6D656C6CC}.Release|Any CPU.Build.0 = Release|Any CPU
		{6B102ED6-D6E2-47DD-9D02-62824759C63E}.Debug|Any CPU.ActiveCfg = Debug|Any CPU
		{6B102ED6-D6E2-47DD-9D02-62824759C63E}.Debug|Any CPU.Build.0 = Debug|Any CPU
		{6B102ED6-D6E2-47DD-9D02-62824759C63E}.Release|Any CPU.ActiveCfg = Release|Any CPU
		{6B102ED6-D6E2-47DD-9D02-62824759C63E}.Release|Any CPU.Build.0 = Release|Any CPU
		{5734D181-FFFC-468C-83DA-32FAD5A0F7AE}.Debug|Any CPU.ActiveCfg = Debug|Any CPU
		{5734D181-FFFC-468C-83DA-32FAD5A0F7AE}.Debug|Any CPU.Build.0 = Debug|Any CPU
		{5734D181-FFFC-468C-83DA-32FAD5A0F7AE}.Release|Any CPU.ActiveCfg = Release|Any CPU
		{5734D181-FFFC-468C-83DA-32FAD5A0F7AE}.Release|Any CPU.Build.0 = Release|Any CPU
		{E18F373E-190E-4C37-BD82-4264C82AA4B9}.Debug|Any CPU.ActiveCfg = Debug|Any CPU
		{E18F373E-190E-4C37-BD82-4264C82AA4B9}.Debug|Any CPU.Build.0 = Debug|Any CPU
		{E18F373E-190E-4C37-BD82-4264C82AA4B9}.Release|Any CPU.ActiveCfg = Release|Any CPU
		{E18F373E-190E-4C37-BD82-4264C82AA4B9}.Release|Any CPU.Build.0 = Release|Any CPU
	EndGlobalSection
	GlobalSection(SolutionProperties) = preSolution
		HideSolutionNode = FALSE
	EndGlobalSection
EndGlobal
